
Microsoft Visual Studio Solution File, Format Version 12.00
# Visual Studio 14
VisualStudioVersion = 14.0.24720.0
MinimumVisualStudioVersion = 10.0.40219.1
Project("{FAE04EC0-301F-11D3-BF4B-00C04F79EFBC}") = "Basics", "Basics\Basics.csproj", "{2E910AFF-BB7E-4A8F-9E27-AC7A0F2FF1D8}"
EndProject
Project("{FAE04EC0-301F-11D3-BF4B-00C04F79EFBC}") = "Objects", "Objects\Objects.csproj", "{D54A4203-E321-4D43-9549-2FBFE880498A}"
EndProject
Project("{FAE04EC0-301F-11D3-BF4B-00C04F79EFBC}") = "NewOverride", "NewOverride\NewOverride.csproj", "{42131E0D-31BF-4B25-899A-7808CBB3D5EE}"
EndProject
Project("{FAE04EC0-301F-11D3-BF4B-00C04F79EFBC}") = "Inheritance", "Inheritance\Inheritance.csproj", "{91A0ACF9-B622-4F3F-8276-844E2FD693EC}"
EndProject
Project("{FAE04EC0-301F-11D3-BF4B-00C04F79EFBC}") = "Composition", "Composition\Composition.csproj", "{D7C57752-ECD8-42A0-B93B-49BB07E712B9}"
EndProject
Project("{FAE04EC0-301F-11D3-BF4B-00C04F79EFBC}") = "Collections", "Collections\Collections.csproj", "{F8121A0C-1D02-41AF-8849-743F7860BC79}"
EndProject
Project("{FAE04EC0-301F-11D3-BF4B-00C04F79EFBC}") = "UnitTesting", "UnitTesting\UnitTesting.csproj", "{78A4FBD7-CD33-4047-A86D-D8B371943F50}"
EndProject
Project("{FAE04EC0-301F-11D3-BF4B-00C04F79EFBC}") = "UnitTestingTests", "UnitTestingTests\UnitTestingTests.csproj", "{374475C9-7D1F-4437-A5E4-C69FC46BBA6C}"
EndProject
Project("{FAE04EC0-301F-11D3-BF4B-00C04F79EFBC}") = "Recap", "Recap\Recap.csproj", "{138FE75D-A2BA-4EB3-99C9-9AB7D04ED3BE}"
EndProject
Project("{FAE04EC0-301F-11D3-BF4B-00C04F79EFBC}") = "RecapTests", "RecapTests\RecapTests.csproj", "{D32925F0-D963-4AAC-A185-D2425567DBC1}"
EndProject
Project("{FAE04EC0-301F-11D3-BF4B-00C04F79EFBC}") = "Files", "Files\Files.csproj", "{A322E7C9-216E-4C16-B14F-5800E45D5D21}"
EndProject
Project("{2150E333-8FDC-42A3-9474-1A3956D46DE8}") = "GUI", "GUI", "{FA3AE2BE-10D2-4268-ADF8-ED1DCE5C8877}"
EndProject
Project("{FAE04EC0-301F-11D3-BF4B-00C04F79EFBC}") = "GUIBasicsAssignment1", "GUIBasicsAssignment1\GUIBasicsAssignment1.csproj", "{B30AFCA1-ED93-43C4-8968-57E126FA7CC7}"
EndProject
Project("{FAE04EC0-301F-11D3-BF4B-00C04F79EFBC}") = "GUIBasicsAssignment2", "GUIBasicsAssignment2\GUIBasicsAssignment2.csproj", "{C4B9BEDB-9B48-4D39-A3D7-EFFD0C98C255}"
EndProject
Global
	GlobalSection(SolutionConfigurationPlatforms) = preSolution
		Debug|Any CPU = Debug|Any CPU
		Debug|ARM = Debug|ARM
		Debug|x64 = Debug|x64
		Debug|x86 = Debug|x86
		Release|Any CPU = Release|Any CPU
		Release|ARM = Release|ARM
		Release|x64 = Release|x64
		Release|x86 = Release|x86
	EndGlobalSection
	GlobalSection(ProjectConfigurationPlatforms) = postSolution
		{2E910AFF-BB7E-4A8F-9E27-AC7A0F2FF1D8}.Debug|Any CPU.ActiveCfg = Debug|Any CPU
		{2E910AFF-BB7E-4A8F-9E27-AC7A0F2FF1D8}.Debug|Any CPU.Build.0 = Debug|Any CPU
		{2E910AFF-BB7E-4A8F-9E27-AC7A0F2FF1D8}.Debug|ARM.ActiveCfg = Debug|Any CPU
		{2E910AFF-BB7E-4A8F-9E27-AC7A0F2FF1D8}.Debug|ARM.Build.0 = Debug|Any CPU
		{2E910AFF-BB7E-4A8F-9E27-AC7A0F2FF1D8}.Debug|x64.ActiveCfg = Debug|Any CPU
		{2E910AFF-BB7E-4A8F-9E27-AC7A0F2FF1D8}.Debug|x64.Build.0 = Debug|Any CPU
		{2E910AFF-BB7E-4A8F-9E27-AC7A0F2FF1D8}.Debug|x86.ActiveCfg = Debug|Any CPU
		{2E910AFF-BB7E-4A8F-9E27-AC7A0F2FF1D8}.Debug|x86.Build.0 = Debug|Any CPU
		{2E910AFF-BB7E-4A8F-9E27-AC7A0F2FF1D8}.Release|Any CPU.ActiveCfg = Release|Any CPU
		{2E910AFF-BB7E-4A8F-9E27-AC7A0F2FF1D8}.Release|Any CPU.Build.0 = Release|Any CPU
		{2E910AFF-BB7E-4A8F-9E27-AC7A0F2FF1D8}.Release|ARM.ActiveCfg = Release|Any CPU
		{2E910AFF-BB7E-4A8F-9E27-AC7A0F2FF1D8}.Release|ARM.Build.0 = Release|Any CPU
		{2E910AFF-BB7E-4A8F-9E27-AC7A0F2FF1D8}.Release|x64.ActiveCfg = Release|Any CPU
		{2E910AFF-BB7E-4A8F-9E27-AC7A0F2FF1D8}.Release|x64.Build.0 = Release|Any CPU
		{2E910AFF-BB7E-4A8F-9E27-AC7A0F2FF1D8}.Release|x86.ActiveCfg = Release|Any CPU
		{2E910AFF-BB7E-4A8F-9E27-AC7A0F2FF1D8}.Release|x86.Build.0 = Release|Any CPU
		{D54A4203-E321-4D43-9549-2FBFE880498A}.Debug|Any CPU.ActiveCfg = Debug|Any CPU
		{D54A4203-E321-4D43-9549-2FBFE880498A}.Debug|Any CPU.Build.0 = Debug|Any CPU
		{D54A4203-E321-4D43-9549-2FBFE880498A}.Debug|ARM.ActiveCfg = Debug|Any CPU
		{D54A4203-E321-4D43-9549-2FBFE880498A}.Debug|ARM.Build.0 = Debug|Any CPU
		{D54A4203-E321-4D43-9549-2FBFE880498A}.Debug|x64.ActiveCfg = Debug|Any CPU
		{D54A4203-E321-4D43-9549-2FBFE880498A}.Debug|x64.Build.0 = Debug|Any CPU
		{D54A4203-E321-4D43-9549-2FBFE880498A}.Debug|x86.ActiveCfg = Debug|Any CPU
		{D54A4203-E321-4D43-9549-2FBFE880498A}.Debug|x86.Build.0 = Debug|Any CPU
		{D54A4203-E321-4D43-9549-2FBFE880498A}.Release|Any CPU.ActiveCfg = Release|Any CPU
		{D54A4203-E321-4D43-9549-2FBFE880498A}.Release|Any CPU.Build.0 = Release|Any CPU
		{D54A4203-E321-4D43-9549-2FBFE880498A}.Release|ARM.ActiveCfg = Release|Any CPU
		{D54A4203-E321-4D43-9549-2FBFE880498A}.Release|ARM.Build.0 = Release|Any CPU
		{D54A4203-E321-4D43-9549-2FBFE880498A}.Release|x64.ActiveCfg = Release|Any CPU
		{D54A4203-E321-4D43-9549-2FBFE880498A}.Release|x64.Build.0 = Release|Any CPU
		{D54A4203-E321-4D43-9549-2FBFE880498A}.Release|x86.ActiveCfg = Release|Any CPU
		{D54A4203-E321-4D43-9549-2FBFE880498A}.Release|x86.Build.0 = Release|Any CPU
		{42131E0D-31BF-4B25-899A-7808CBB3D5EE}.Debug|Any CPU.ActiveCfg = Debug|Any CPU
		{42131E0D-31BF-4B25-899A-7808CBB3D5EE}.Debug|Any CPU.Build.0 = Debug|Any CPU
		{42131E0D-31BF-4B25-899A-7808CBB3D5EE}.Debug|ARM.ActiveCfg = Debug|Any CPU
		{42131E0D-31BF-4B25-899A-7808CBB3D5EE}.Debug|ARM.Build.0 = Debug|Any CPU
		{42131E0D-31BF-4B25-899A-7808CBB3D5EE}.Debug|x64.ActiveCfg = Debug|Any CPU
		{42131E0D-31BF-4B25-899A-7808CBB3D5EE}.Debug|x64.Build.0 = Debug|Any CPU
		{42131E0D-31BF-4B25-899A-7808CBB3D5EE}.Debug|x86.ActiveCfg = Debug|Any CPU
		{42131E0D-31BF-4B25-899A-7808CBB3D5EE}.Debug|x86.Build.0 = Debug|Any CPU
		{42131E0D-31BF-4B25-899A-7808CBB3D5EE}.Release|Any CPU.ActiveCfg = Release|Any CPU
		{42131E0D-31BF-4B25-899A-7808CBB3D5EE}.Release|Any CPU.Build.0 = Release|Any CPU
		{42131E0D-31BF-4B25-899A-7808CBB3D5EE}.Release|ARM.ActiveCfg = Release|Any CPU
		{42131E0D-31BF-4B25-899A-7808CBB3D5EE}.Release|ARM.Build.0 = Release|Any CPU
		{42131E0D-31BF-4B25-899A-7808CBB3D5EE}.Release|x64.ActiveCfg = Release|Any CPU
		{42131E0D-31BF-4B25-899A-7808CBB3D5EE}.Release|x64.Build.0 = Release|Any CPU
		{42131E0D-31BF-4B25-899A-7808CBB3D5EE}.Release|x86.ActiveCfg = Release|Any CPU
		{42131E0D-31BF-4B25-899A-7808CBB3D5EE}.Release|x86.Build.0 = Release|Any CPU
		{91A0ACF9-B622-4F3F-8276-844E2FD693EC}.Debug|Any CPU.ActiveCfg = Debug|Any CPU
		{91A0ACF9-B622-4F3F-8276-844E2FD693EC}.Debug|Any CPU.Build.0 = Debug|Any CPU
		{91A0ACF9-B622-4F3F-8276-844E2FD693EC}.Debug|ARM.ActiveCfg = Debug|Any CPU
		{91A0ACF9-B622-4F3F-8276-844E2FD693EC}.Debug|ARM.Build.0 = Debug|Any CPU
		{91A0ACF9-B622-4F3F-8276-844E2FD693EC}.Debug|x64.ActiveCfg = Debug|Any CPU
		{91A0ACF9-B622-4F3F-8276-844E2FD693EC}.Debug|x64.Build.0 = Debug|Any CPU
		{91A0ACF9-B622-4F3F-8276-844E2FD693EC}.Debug|x86.ActiveCfg = Debug|Any CPU
		{91A0ACF9-B622-4F3F-8276-844E2FD693EC}.Debug|x86.Build.0 = Debug|Any CPU
		{91A0ACF9-B622-4F3F-8276-844E2FD693EC}.Release|Any CPU.ActiveCfg = Release|Any CPU
		{91A0ACF9-B622-4F3F-8276-844E2FD693EC}.Release|Any CPU.Build.0 = Release|Any CPU
		{91A0ACF9-B622-4F3F-8276-844E2FD693EC}.Release|ARM.ActiveCfg = Release|Any CPU
		{91A0ACF9-B622-4F3F-8276-844E2FD693EC}.Release|ARM.Build.0 = Release|Any CPU
		{91A0ACF9-B622-4F3F-8276-844E2FD693EC}.Release|x64.ActiveCfg = Release|Any CPU
		{91A0ACF9-B622-4F3F-8276-844E2FD693EC}.Release|x64.Build.0 = Release|Any CPU
		{91A0ACF9-B622-4F3F-8276-844E2FD693EC}.Release|x86.ActiveCfg = Release|Any CPU
		{91A0ACF9-B622-4F3F-8276-844E2FD693EC}.Release|x86.Build.0 = Release|Any CPU
		{D7C57752-ECD8-42A0-B93B-49BB07E712B9}.Debug|Any CPU.ActiveCfg = Debug|Any CPU
		{D7C57752-ECD8-42A0-B93B-49BB07E712B9}.Debug|Any CPU.Build.0 = Debug|Any CPU
		{D7C57752-ECD8-42A0-B93B-49BB07E712B9}.Debug|ARM.ActiveCfg = Debug|Any CPU
		{D7C57752-ECD8-42A0-B93B-49BB07E712B9}.Debug|ARM.Build.0 = Debug|Any CPU
		{D7C57752-ECD8-42A0-B93B-49BB07E712B9}.Debug|x64.ActiveCfg = Debug|Any CPU
		{D7C57752-ECD8-42A0-B93B-49BB07E712B9}.Debug|x64.Build.0 = Debug|Any CPU
		{D7C57752-ECD8-42A0-B93B-49BB07E712B9}.Debug|x86.ActiveCfg = Debug|Any CPU
		{D7C57752-ECD8-42A0-B93B-49BB07E712B9}.Debug|x86.Build.0 = Debug|Any CPU
		{D7C57752-ECD8-42A0-B93B-49BB07E712B9}.Release|Any CPU.ActiveCfg = Release|Any CPU
		{D7C57752-ECD8-42A0-B93B-49BB07E712B9}.Release|Any CPU.Build.0 = Release|Any CPU
		{D7C57752-ECD8-42A0-B93B-49BB07E712B9}.Release|ARM.ActiveCfg = Release|Any CPU
		{D7C57752-ECD8-42A0-B93B-49BB07E712B9}.Release|ARM.Build.0 = Release|Any CPU
		{D7C57752-ECD8-42A0-B93B-49BB07E712B9}.Release|x64.ActiveCfg = Release|Any CPU
		{D7C57752-ECD8-42A0-B93B-49BB07E712B9}.Release|x64.Build.0 = Release|Any CPU
		{D7C57752-ECD8-42A0-B93B-49BB07E712B9}.Release|x86.ActiveCfg = Release|Any CPU
		{D7C57752-ECD8-42A0-B93B-49BB07E712B9}.Release|x86.Build.0 = Release|Any CPU
		{F8121A0C-1D02-41AF-8849-743F7860BC79}.Debug|Any CPU.ActiveCfg = Debug|Any CPU
		{F8121A0C-1D02-41AF-8849-743F7860BC79}.Debug|Any CPU.Build.0 = Debug|Any CPU
		{F8121A0C-1D02-41AF-8849-743F7860BC79}.Debug|ARM.ActiveCfg = Debug|Any CPU
		{F8121A0C-1D02-41AF-8849-743F7860BC79}.Debug|ARM.Build.0 = Debug|Any CPU
		{F8121A0C-1D02-41AF-8849-743F7860BC79}.Debug|x64.ActiveCfg = Debug|Any CPU
		{F8121A0C-1D02-41AF-8849-743F7860BC79}.Debug|x64.Build.0 = Debug|Any CPU
		{F8121A0C-1D02-41AF-8849-743F7860BC79}.Debug|x86.ActiveCfg = Debug|Any CPU
		{F8121A0C-1D02-41AF-8849-743F7860BC79}.Debug|x86.Build.0 = Debug|Any CPU
		{F8121A0C-1D02-41AF-8849-743F7860BC79}.Release|Any CPU.ActiveCfg = Release|Any CPU
		{F8121A0C-1D02-41AF-8849-743F7860BC79}.Release|Any CPU.Build.0 = Release|Any CPU
		{F8121A0C-1D02-41AF-8849-743F7860BC79}.Release|ARM.ActiveCfg = Release|Any CPU
		{F8121A0C-1D02-41AF-8849-743F7860BC79}.Release|ARM.Build.0 = Release|Any CPU
		{F8121A0C-1D02-41AF-8849-743F7860BC79}.Release|x64.ActiveCfg = Release|Any CPU
		{F8121A0C-1D02-41AF-8849-743F7860BC79}.Release|x64.Build.0 = Release|Any CPU
		{F8121A0C-1D02-41AF-8849-743F7860BC79}.Release|x86.ActiveCfg = Release|Any CPU
		{F8121A0C-1D02-41AF-8849-743F7860BC79}.Release|x86.Build.0 = Release|Any CPU
		{78A4FBD7-CD33-4047-A86D-D8B371943F50}.Debug|Any CPU.ActiveCfg = Debug|Any CPU
		{78A4FBD7-CD33-4047-A86D-D8B371943F50}.Debug|Any CPU.Build.0 = Debug|Any CPU
		{78A4FBD7-CD33-4047-A86D-D8B371943F50}.Debug|ARM.ActiveCfg = Debug|Any CPU
		{78A4FBD7-CD33-4047-A86D-D8B371943F50}.Debug|ARM.Build.0 = Debug|Any CPU
		{78A4FBD7-CD33-4047-A86D-D8B371943F50}.Debug|x64.ActiveCfg = Debug|Any CPU
		{78A4FBD7-CD33-4047-A86D-D8B371943F50}.Debug|x64.Build.0 = Debug|Any CPU
		{78A4FBD7-CD33-4047-A86D-D8B371943F50}.Debug|x86.ActiveCfg = Debug|Any CPU
		{78A4FBD7-CD33-4047-A86D-D8B371943F50}.Debug|x86.Build.0 = Debug|Any CPU
		{78A4FBD7-CD33-4047-A86D-D8B371943F50}.Release|Any CPU.ActiveCfg = Release|Any CPU
		{78A4FBD7-CD33-4047-A86D-D8B371943F50}.Release|Any CPU.Build.0 = Release|Any CPU
		{78A4FBD7-CD33-4047-A86D-D8B371943F50}.Release|ARM.ActiveCfg = Release|Any CPU
		{78A4FBD7-CD33-4047-A86D-D8B371943F50}.Release|ARM.Build.0 = Release|Any CPU
		{78A4FBD7-CD33-4047-A86D-D8B371943F50}.Release|x64.ActiveCfg = Release|Any CPU
		{78A4FBD7-CD33-4047-A86D-D8B371943F50}.Release|x64.Build.0 = Release|Any CPU
		{78A4FBD7-CD33-4047-A86D-D8B371943F50}.Release|x86.ActiveCfg = Release|Any CPU
		{78A4FBD7-CD33-4047-A86D-D8B371943F50}.Release|x86.Build.0 = Release|Any CPU
		{374475C9-7D1F-4437-A5E4-C69FC46BBA6C}.Debug|Any CPU.ActiveCfg = Debug|Any CPU
		{374475C9-7D1F-4437-A5E4-C69FC46BBA6C}.Debug|Any CPU.Build.0 = Debug|Any CPU
		{374475C9-7D1F-4437-A5E4-C69FC46BBA6C}.Debug|ARM.ActiveCfg = Debug|Any CPU
		{374475C9-7D1F-4437-A5E4-C69FC46BBA6C}.Debug|ARM.Build.0 = Debug|Any CPU
		{374475C9-7D1F-4437-A5E4-C69FC46BBA6C}.Debug|x64.ActiveCfg = Debug|Any CPU
		{374475C9-7D1F-4437-A5E4-C69FC46BBA6C}.Debug|x64.Build.0 = Debug|Any CPU
		{374475C9-7D1F-4437-A5E4-C69FC46BBA6C}.Debug|x86.ActiveCfg = Debug|Any CPU
		{374475C9-7D1F-4437-A5E4-C69FC46BBA6C}.Debug|x86.Build.0 = Debug|Any CPU
		{374475C9-7D1F-4437-A5E4-C69FC46BBA6C}.Release|Any CPU.ActiveCfg = Release|Any CPU
		{374475C9-7D1F-4437-A5E4-C69FC46BBA6C}.Release|Any CPU.Build.0 = Release|Any CPU
		{374475C9-7D1F-4437-A5E4-C69FC46BBA6C}.Release|ARM.ActiveCfg = Release|Any CPU
		{374475C9-7D1F-4437-A5E4-C69FC46BBA6C}.Release|ARM.Build.0 = Release|Any CPU
		{374475C9-7D1F-4437-A5E4-C69FC46BBA6C}.Release|x64.ActiveCfg = Release|Any CPU
		{374475C9-7D1F-4437-A5E4-C69FC46BBA6C}.Release|x64.Build.0 = Release|Any CPU
		{374475C9-7D1F-4437-A5E4-C69FC46BBA6C}.Release|x86.ActiveCfg = Release|Any CPU
		{374475C9-7D1F-4437-A5E4-C69FC46BBA6C}.Release|x86.Build.0 = Release|Any CPU
		{138FE75D-A2BA-4EB3-99C9-9AB7D04ED3BE}.Debug|Any CPU.ActiveCfg = Debug|Any CPU
		{138FE75D-A2BA-4EB3-99C9-9AB7D04ED3BE}.Debug|Any CPU.Build.0 = Debug|Any CPU
		{138FE75D-A2BA-4EB3-99C9-9AB7D04ED3BE}.Debug|ARM.ActiveCfg = Debug|Any CPU
		{138FE75D-A2BA-4EB3-99C9-9AB7D04ED3BE}.Debug|ARM.Build.0 = Debug|Any CPU
		{138FE75D-A2BA-4EB3-99C9-9AB7D04ED3BE}.Debug|x64.ActiveCfg = Debug|Any CPU
		{138FE75D-A2BA-4EB3-99C9-9AB7D04ED3BE}.Debug|x64.Build.0 = Debug|Any CPU
		{138FE75D-A2BA-4EB3-99C9-9AB7D04ED3BE}.Debug|x86.ActiveCfg = Debug|Any CPU
		{138FE75D-A2BA-4EB3-99C9-9AB7D04ED3BE}.Debug|x86.Build.0 = Debug|Any CPU
		{138FE75D-A2BA-4EB3-99C9-9AB7D04ED3BE}.Release|Any CPU.ActiveCfg = Release|Any CPU
		{138FE75D-A2BA-4EB3-99C9-9AB7D04ED3BE}.Release|Any CPU.Build.0 = Release|Any CPU
		{138FE75D-A2BA-4EB3-99C9-9AB7D04ED3BE}.Release|ARM.ActiveCfg = Release|Any CPU
		{138FE75D-A2BA-4EB3-99C9-9AB7D04ED3BE}.Release|ARM.Build.0 = Release|Any CPU
		{138FE75D-A2BA-4EB3-99C9-9AB7D04ED3BE}.Release|x64.ActiveCfg = Release|Any CPU
		{138FE75D-A2BA-4EB3-99C9-9AB7D04ED3BE}.Release|x64.Build.0 = Release|Any CPU
		{138FE75D-A2BA-4EB3-99C9-9AB7D04ED3BE}.Release|x86.ActiveCfg = Release|Any CPU
		{138FE75D-A2BA-4EB3-99C9-9AB7D04ED3BE}.Release|x86.Build.0 = Release|Any CPU
		{D32925F0-D963-4AAC-A185-D2425567DBC1}.Debug|Any CPU.ActiveCfg = Debug|Any CPU
		{D32925F0-D963-4AAC-A185-D2425567DBC1}.Debug|Any CPU.Build.0 = Debug|Any CPU
		{D32925F0-D963-4AAC-A185-D2425567DBC1}.Debug|ARM.ActiveCfg = Debug|Any CPU
		{D32925F0-D963-4AAC-A185-D2425567DBC1}.Debug|ARM.Build.0 = Debug|Any CPU
		{D32925F0-D963-4AAC-A185-D2425567DBC1}.Debug|x64.ActiveCfg = Debug|Any CPU
		{D32925F0-D963-4AAC-A185-D2425567DBC1}.Debug|x64.Build.0 = Debug|Any CPU
		{D32925F0-D963-4AAC-A185-D2425567DBC1}.Debug|x86.ActiveCfg = Debug|Any CPU
		{D32925F0-D963-4AAC-A185-D2425567DBC1}.Debug|x86.Build.0 = Debug|Any CPU
		{D32925F0-D963-4AAC-A185-D2425567DBC1}.Release|Any CPU.ActiveCfg = Release|Any CPU
		{D32925F0-D963-4AAC-A185-D2425567DBC1}.Release|Any CPU.Build.0 = Release|Any CPU
		{D32925F0-D963-4AAC-A185-D2425567DBC1}.Release|ARM.ActiveCfg = Release|Any CPU
		{D32925F0-D963-4AAC-A185-D2425567DBC1}.Release|ARM.Build.0 = Release|Any CPU
		{D32925F0-D963-4AAC-A185-D2425567DBC1}.Release|x64.ActiveCfg = Release|Any CPU
		{D32925F0-D963-4AAC-A185-D2425567DBC1}.Release|x64.Build.0 = Release|Any CPU
		{D32925F0-D963-4AAC-A185-D2425567DBC1}.Release|x86.ActiveCfg = Release|Any CPU
		{D32925F0-D963-4AAC-A185-D2425567DBC1}.Release|x86.Build.0 = Release|Any CPU
		{A322E7C9-216E-4C16-B14F-5800E45D5D21}.Debug|Any CPU.ActiveCfg = Debug|Any CPU
		{A322E7C9-216E-4C16-B14F-5800E45D5D21}.Debug|Any CPU.Build.0 = Debug|Any CPU
		{A322E7C9-216E-4C16-B14F-5800E45D5D21}.Debug|ARM.ActiveCfg = Debug|Any CPU
		{A322E7C9-216E-4C16-B14F-5800E45D5D21}.Debug|ARM.Build.0 = Debug|Any CPU
		{A322E7C9-216E-4C16-B14F-5800E45D5D21}.Debug|x64.ActiveCfg = Debug|Any CPU
		{A322E7C9-216E-4C16-B14F-5800E45D5D21}.Debug|x64.Build.0 = Debug|Any CPU
		{A322E7C9-216E-4C16-B14F-5800E45D5D21}.Debug|x86.ActiveCfg = Debug|Any CPU
		{A322E7C9-216E-4C16-B14F-5800E45D5D21}.Debug|x86.Build.0 = Debug|Any CPU
		{A322E7C9-216E-4C16-B14F-5800E45D5D21}.Release|Any CPU.ActiveCfg = Release|Any CPU
		{A322E7C9-216E-4C16-B14F-5800E45D5D21}.Release|Any CPU.Build.0 = Release|Any CPU
		{A322E7C9-216E-4C16-B14F-5800E45D5D21}.Release|ARM.ActiveCfg = Release|Any CPU
		{A322E7C9-216E-4C16-B14F-5800E45D5D21}.Release|ARM.Build.0 = Release|Any CPU
		{A322E7C9-216E-4C16-B14F-5800E45D5D21}.Release|x64.ActiveCfg = Release|Any CPU
		{A322E7C9-216E-4C16-B14F-5800E45D5D21}.Release|x64.Build.0 = Release|Any CPU
		{A322E7C9-216E-4C16-B14F-5800E45D5D21}.Release|x86.ActiveCfg = Release|Any CPU
		{A322E7C9-216E-4C16-B14F-5800E45D5D21}.Release|x86.Build.0 = Release|Any CPU
		{B30AFCA1-ED93-43C4-8968-57E126FA7CC7}.Debug|Any CPU.ActiveCfg = Debug|x86
		{B30AFCA1-ED93-43C4-8968-57E126FA7CC7}.Debug|ARM.ActiveCfg = Debug|ARM
		{B30AFCA1-ED93-43C4-8968-57E126FA7CC7}.Debug|ARM.Build.0 = Debug|ARM
		{B30AFCA1-ED93-43C4-8968-57E126FA7CC7}.Debug|ARM.Deploy.0 = Debug|ARM
		{B30AFCA1-ED93-43C4-8968-57E126FA7CC7}.Debug|x64.ActiveCfg = Debug|x64
		{B30AFCA1-ED93-43C4-8968-57E126FA7CC7}.Debug|x64.Build.0 = Debug|x64
		{B30AFCA1-ED93-43C4-8968-57E126FA7CC7}.Debug|x64.Deploy.0 = Debug|x64
		{B30AFCA1-ED93-43C4-8968-57E126FA7CC7}.Debug|x86.ActiveCfg = Debug|x86
		{B30AFCA1-ED93-43C4-8968-57E126FA7CC7}.Debug|x86.Build.0 = Debug|x86
		{B30AFCA1-ED93-43C4-8968-57E126FA7CC7}.Debug|x86.Deploy.0 = Debug|x86
		{B30AFCA1-ED93-43C4-8968-57E126FA7CC7}.Release|Any CPU.ActiveCfg = Release|x86
		{B30AFCA1-ED93-43C4-8968-57E126FA7CC7}.Release|ARM.ActiveCfg = Release|ARM
		{B30AFCA1-ED93-43C4-8968-57E126FA7CC7}.Release|ARM.Build.0 = Release|ARM
		{B30AFCA1-ED93-43C4-8968-57E126FA7CC7}.Release|ARM.Deploy.0 = Release|ARM
		{B30AFCA1-ED93-43C4-8968-57E126FA7CC7}.Release|x64.ActiveCfg = Release|x64
		{B30AFCA1-ED93-43C4-8968-57E126FA7CC7}.Release|x64.Build.0 = Release|x64
		{B30AFCA1-ED93-43C4-8968-57E126FA7CC7}.Release|x64.Deploy.0 = Release|x64
		{B30AFCA1-ED93-43C4-8968-57E126FA7CC7}.Release|x86.ActiveCfg = Release|x86
		{B30AFCA1-ED93-43C4-8968-57E126FA7CC7}.Release|x86.Build.0 = Release|x86
		{B30AFCA1-ED93-43C4-8968-57E126FA7CC7}.Release|x86.Deploy.0 = Release|x86
		{C4B9BEDB-9B48-4D39-A3D7-EFFD0C98C255}.Debug|Any CPU.ActiveCfg = Debug|x86
		{C4B9BEDB-9B48-4D39-A3D7-EFFD0C98C255}.Debug|ARM.ActiveCfg = Debug|ARM
		{C4B9BEDB-9B48-4D39-A3D7-EFFD0C98C255}.Debug|ARM.Build.0 = Debug|ARM
		{C4B9BEDB-9B48-4D39-A3D7-EFFD0C98C255}.Debug|ARM.Deploy.0 = Debug|ARM
		{C4B9BEDB-9B48-4D39-A3D7-EFFD0C98C255}.Debug|x64.ActiveCfg = Debug|x64
		{C4B9BEDB-9B48-4D39-A3D7-EFFD0C98C255}.Debug|x64.Build.0 = Debug|x64
		{C4B9BEDB-9B48-4D39-A3D7-EFFD0C98C255}.Debug|x64.Deploy.0 = Debug|x64
		{C4B9BEDB-9B48-4D39-A3D7-EFFD0C98C255}.Debug|x86.ActiveCfg = Debug|x86
		{C4B9BEDB-9B48-4D39-A3D7-EFFD0C98C255}.Debug|x86.Build.0 = Debug|x86
		{C4B9BEDB-9B48-4D39-A3D7-EFFD0C98C255}.Debug|x86.Deploy.0 = Debug|x86
		{C4B9BEDB-9B48-4D39-A3D7-EFFD0C98C255}.Release|Any CPU.ActiveCfg = Release|x86
		{C4B9BEDB-9B48-4D39-A3D7-EFFD0C98C255}.Release|ARM.ActiveCfg = Release|ARM
		{C4B9BEDB-9B48-4D39-A3D7-EFFD0C98C255}.Release|ARM.Build.0 = Release|ARM
		{C4B9BEDB-9B48-4D39-A3D7-EFFD0C98C255}.Release|ARM.Deploy.0 = Release|ARM
		{C4B9BEDB-9B48-4D39-A3D7-EFFD0C98C255}.Release|x64.ActiveCfg = Release|x64
		{C4B9BEDB-9B48-4D39-A3D7-EFFD0C98C255}.Release|x64.Build.0 = Release|x64
		{C4B9BEDB-9B48-4D39-A3D7-EFFD0C98C255}.Release|x64.Deploy.0 = Release|x64
		{C4B9BEDB-9B48-4D39-A3D7-EFFD0C98C255}.Release|x86.ActiveCfg = Release|x86
		{C4B9BEDB-9B48-4D39-A3D7-EFFD0C98C255}.Release|x86.Build.0 = Release|x86
		{C4B9BEDB-9B48-4D39-A3D7-EFFD0C98C255}.Release|x86.Deploy.0 = Release|x86
	EndGlobalSection
	GlobalSection(SolutionProperties) = preSolution
		HideSolutionNode = FALSE
	EndGlobalSection
	GlobalSection(NestedProjects) = preSolution
		{B30AFCA1-ED93-43C4-8968-57E126FA7CC7} = {FA3AE2BE-10D2-4268-ADF8-ED1DCE5C8877}
		{C4B9BEDB-9B48-4D39-A3D7-EFFD0C98C255} = {FA3AE2BE-10D2-4268-ADF8-ED1DCE5C8877}
	EndGlobalSection
EndGlobal
