
Microsoft Visual Studio Solution File, Format Version 12.00
# Visual Studio 14
VisualStudioVersion = 14.0.24720.0
MinimumVisualStudioVersion = 10.0.40219.1
Project("{FAE04EC0-301F-11D3-BF4B-00C04F79EFBC}") = "Basics", "Basics\Basics.csproj", "{2E910AFF-BB7E-4A8F-9E27-AC7A0F2FF1D8}"
EndProject
Project("{FAE04EC0-301F-11D3-BF4B-00C04F79EFBC}") = "Objects", "Objects\Objects.csproj", "{D54A4203-E321-4D43-9549-2FBFE880498A}"
EndProject
Project("{FAE04EC0-301F-11D3-BF4B-00C04F79EFBC}") = "NewOverride", "NewOverride\NewOverride.csproj", "{42131E0D-31BF-4B25-899A-7808CBB3D5EE}"
EndProject
Project("{FAE04EC0-301F-11D3-BF4B-00C04F79EFBC}") = "Inheritance", "Inheritance\Inheritance.csproj", "{91A0ACF9-B622-4F3F-8276-844E2FD693EC}"
EndProject
Project("{FAE04EC0-301F-11D3-BF4B-00C04F79EFBC}") = "Composition", "Composition\Composition.csproj", "{D7C57752-ECD8-42A0-B93B-49BB07E712B9}"
EndProject
Global
	GlobalSection(SolutionConfigurationPlatforms) = preSolution
		Debug|Any CPU = Debug|Any CPU
		Release|Any CPU = Release|Any CPU
	EndGlobalSection
	GlobalSection(ProjectConfigurationPlatforms) = postSolution
		{2E910AFF-BB7E-4A8F-9E27-AC7A0F2FF1D8}.Debug|Any CPU.ActiveCfg = Debug|Any CPU
		{2E910AFF-BB7E-4A8F-9E27-AC7A0F2FF1D8}.Debug|Any CPU.Build.0 = Debug|Any CPU
		{2E910AFF-BB7E-4A8F-9E27-AC7A0F2FF1D8}.Release|Any CPU.ActiveCfg = Release|Any CPU
		{2E910AFF-BB7E-4A8F-9E27-AC7A0F2FF1D8}.Release|Any CPU.Build.0 = Release|Any CPU
		{D54A4203-E321-4D43-9549-2FBFE880498A}.Debug|Any CPU.ActiveCfg = Debug|Any CPU
		{D54A4203-E321-4D43-9549-2FBFE880498A}.Debug|Any CPU.Build.0 = Debug|Any CPU
		{D54A4203-E321-4D43-9549-2FBFE880498A}.Release|Any CPU.ActiveCfg = Release|Any CPU
		{D54A4203-E321-4D43-9549-2FBFE880498A}.Release|Any CPU.Build.0 = Release|Any CPU
		{42131E0D-31BF-4B25-899A-7808CBB3D5EE}.Debug|Any CPU.ActiveCfg = Debug|Any CPU
		{42131E0D-31BF-4B25-899A-7808CBB3D5EE}.Debug|Any CPU.Build.0 = Debug|Any CPU
		{42131E0D-31BF-4B25-899A-7808CBB3D5EE}.Release|Any CPU.ActiveCfg = Release|Any CPU
		{42131E0D-31BF-4B25-899A-7808CBB3D5EE}.Release|Any CPU.Build.0 = Release|Any CPU
		{91A0ACF9-B622-4F3F-8276-844E2FD693EC}.Debug|Any CPU.ActiveCfg = Debug|Any CPU
		{91A0ACF9-B622-4F3F-8276-844E2FD693EC}.Debug|Any CPU.Build.0 = Debug|Any CPU
		{91A0ACF9-B622-4F3F-8276-844E2FD693EC}.Release|Any CPU.ActiveCfg = Release|Any CPU
		{91A0ACF9-B622-4F3F-8276-844E2FD693EC}.Release|Any CPU.Build.0 = Release|Any CPU
		{D7C57752-ECD8-42A0-B93B-49BB07E712B9}.Debug|Any CPU.ActiveCfg = Debug|Any CPU
		{D7C57752-ECD8-42A0-B93B-49BB07E712B9}.Debug|Any CPU.Build.0 = Debug|Any CPU
		{D7C57752-ECD8-42A0-B93B-49BB07E712B9}.Release|Any CPU.ActiveCfg = Release|Any CPU
		{D7C57752-ECD8-42A0-B93B-49BB07E712B9}.Release|Any CPU.Build.0 = Release|Any CPU
	EndGlobalSection
	GlobalSection(SolutionProperties) = preSolution
		HideSolutionNode = FALSE
	EndGlobalSection
EndGlobal
